
Microsoft Visual Studio Solution File, Format Version 11.00
# Visual Studio 2010
Project("{FAE04EC0-301F-11D3-BF4B-00C04F79EFBC}") = "Sistema Escolar", "Sistema Escolar\Sistema Escolar.csproj", "{9F60B0A8-B921-4A16-8D1A-A1E9D1D64F1C}"
EndProject
Global
	GlobalSection(SolutionConfigurationPlatforms) = preSolution
		Debug|Any CPU = Debug|Any CPU
		Release|Any CPU = Release|Any CPU
	EndGlobalSection
	GlobalSection(ProjectConfigurationPlatforms) = postSolution
		{9F60B0A8-B921-4A16-8D1A-A1E9D1D64F1C}.Debug|Any CPU.ActiveCfg = Debug|Any CPU
		{9F60B0A8-B921-4A16-8D1A-A1E9D1D64F1C}.Debug|Any CPU.Build.0 = Debug|Any CPU
		{9F60B0A8-B921-4A16-8D1A-A1E9D1D64F1C}.Release|Any CPU.ActiveCfg = Release|Any CPU
		{9F60B0A8-B921-4A16-8D1A-A1E9D1D64F1C}.Release|Any CPU.Build.0 = Release|Any CPU
	EndGlobalSection
	GlobalSection(SolutionProperties) = preSolution
		HideSolutionNode = FALSE
	EndGlobalSection
EndGlobal
